GITHUBTARBALL
  remote: n0ts/puppet-boxen
  specs:
    boxen (3.13.0c)

GITHUBTARBALL
  remote: n0ts/puppet-homebrew
  specs:
    homebrew (2.1.0g)

GITHUBTARBALL
  remote: n0ts/puppet-java
  specs:
    java (1.8.4e)

GITHUBTARBALL
  remote: n0ts/puppet-openssl
  specs:
    openssl (1.0.0a)

GITHUBTARBALL
  remote: n0ts/puppet-repository
  specs:
    repository (2.4.1a)

GITHUBTARBALL
  remote: puppetlabs/puppetlabs-stdlib
  specs:
    stdlib (4.17.1)

DEPENDENCIES
  boxen (= 3.13.0c)
  homebrew (= 2.1.0g)
  java (= 1.8.4e)
  openssl (= 1.0.0a)
  repository (= 2.4.1a)
  stdlib (= 4.17.1)

